
Microsoft Visual Studio Solution File, Format Version 12.00
# Visual Studio Version 17
VisualStudioVersion = 17.13.35731.43 d17.13
MinimumVisualStudioVersion = 10.0.40219.1
Project("{FAE04EC0-301F-11D3-BF4B-00C04F79EFBC}") = "Company_MVC", "Company_MVC\Company_MVC.csproj", "{5E1B078E-6532-49F7-9074-7049B0ADC0BB}"
EndProject
Project("{FAE04EC0-301F-11D3-BF4B-00C04F79EFBC}") = "Company.DAL", "Company.DAL\Company.DAL.csproj", "{A8E10EE2-C01F-43E0-B1A0-A89F30FFC3F3}"
EndProject
Project("{FAE04EC0-301F-11D3-BF4B-00C04F79EFBC}") = "Company.BLL", "Company.BLL\Company.BLL.csproj", "{49FF93BD-BA5F-4D25-8E2B-97DC7144ED73}"
EndProject
Global
	GlobalSection(SolutionConfigurationPlatforms) = preSolution
		Debug|Any CPU = Debug|Any CPU
		Release|Any CPU = Release|Any CPU
	EndGlobalSection
	GlobalSection(ProjectConfigurationPlatforms) = postSolution
		{5E1B078E-6532-49F7-9074-7049B0ADC0BB}.Debug|Any CPU.ActiveCfg = Debug|Any CPU
		{5E1B078E-6532-49F7-9074-7049B0ADC0BB}.Debug|Any CPU.Build.0 = Debug|Any CPU
		{5E1B078E-6532-49F7-9074-7049B0ADC0BB}.Release|Any CPU.ActiveCfg = Release|Any CPU
		{5E1B078E-6532-49F7-9074-7049B0ADC0BB}.Release|Any CPU.Build.0 = Release|Any CPU
		{A8E10EE2-C01F-43E0-B1A0-A89F30FFC3F3}.Debug|Any CPU.ActiveCfg = Debug|Any CPU
		{A8E10EE2-C01F-43E0-B1A0-A89F30FFC3F3}.Debug|Any CPU.Build.0 = Debug|Any CPU
		{A8E10EE2-C01F-43E0-B1A0-A89F30FFC3F3}.Release|Any CPU.ActiveCfg = Release|Any CPU
		{A8E10EE2-C01F-43E0-B1A0-A89F30FFC3F3}.Release|Any CPU.Build.0 = Release|Any CPU
		{49FF93BD-BA5F-4D25-8E2B-97DC7144ED73}.Debug|Any CPU.ActiveCfg = Debug|Any CPU
		{49FF93BD-BA5F-4D25-8E2B-97DC7144ED73}.Debug|Any CPU.Build.0 = Debug|Any CPU
		{49FF93BD-BA5F-4D25-8E2B-97DC7144ED73}.Release|Any CPU.ActiveCfg = Release|Any CPU
		{49FF93BD-BA5F-4D25-8E2B-97DC7144ED73}.Release|Any CPU.Build.0 = Release|Any CPU
	EndGlobalSection
	GlobalSection(SolutionProperties) = preSolution
		HideSolutionNode = FALSE
	EndGlobalSection
	GlobalSection(ExtensibilityGlobals) = postSolution
		SolutionGuid = {6F2074E5-49D5-4C75-B2D3-14E8D43B9640}
	EndGlobalSection
EndGlobal
